
Microsoft Visual Studio Solution File, Format Version 12.00
# Visual Studio Version 17
VisualStudioVersion = 17.8.34511.84
MinimumVisualStudioVersion = 10.0.40219.1
Project("{FAE04EC0-301F-11D3-BF4B-00C04F79EFBC}") = "Laiterekisteri_uusin", "Laiterekisteri_uusin.csproj", "{2B2862D0-B472-4AD4-99BC-8093BD04527F}"
EndProject
Global
	GlobalSection(SolutionConfigurationPlatforms) = preSolution
		Debug|Any CPU = Debug|Any CPU
		Release|Any CPU = Release|Any CPU
	EndGlobalSection
	GlobalSection(ProjectConfigurationPlatforms) = postSolution
		{2B2862D0-B472-4AD4-99BC-8093BD04527F}.Debug|Any CPU.ActiveCfg = Debug|Any CPU
		{2B2862D0-B472-4AD4-99BC-8093BD04527F}.Debug|Any CPU.Build.0 = Debug|Any CPU
		{2B2862D0-B472-4AD4-99BC-8093BD04527F}.Release|Any CPU.ActiveCfg = Release|Any CPU
		{2B2862D0-B472-4AD4-99BC-8093BD04527F}.Release|Any CPU.Build.0 = Release|Any CPU
	EndGlobalSection
	GlobalSection(SolutionProperties) = preSolution
		HideSolutionNode = FALSE
	EndGlobalSection
	GlobalSection(ExtensibilityGlobals) = postSolution
		SolutionGuid = {F08C84F4-43A4-431B-9EFB-2AF141A36A3C}
	EndGlobalSection
EndGlobal
